{
    "_meta": {
        "hash": {
            "sha256": "88ed6bbcdf8336293fd1bb682683ec3f6521191831e242a8ac197822c070c319"
        },
        "pipfile-spec": 6,
        "requires": {
            "python_version": "3.8"
        },
        "sources": [
            {
                "name": "pypi",
                "url": "https://pypi.org/simple",
                "verify_ssl": true
            }
        ]
    },
    "default": {
        "rx": {
            "hashes": [
                "sha256:aaf409848e24dd514926eb8467e2764762bfd258325717fca4628d32d8721252"
            ],
            "index": "pypi",
            "version": "==3.1.0"
        }
    },
    "develop": {}
}
